
Microsoft Visual Studio Solution File, Format Version 12.00
# Visual Studio Version 16
VisualStudioVersion = 16.0.31613.86
MinimumVisualStudioVersion = 10.0.40219.1
Project("{9A19103F-16F7-4668-BE54-9A1E7A4F7556}") = "DS.Web", "DS.Web\DS.Web.csproj", "{EE17A5F6-7390-490E-8D58-F69FDF65C217}"
EndProject
Global
	GlobalSection(SolutionConfigurationPlatforms) = preSolution
		Debug|Any CPU = Debug|Any CPU
		Release|Any CPU = Release|Any CPU
	EndGlobalSection
	GlobalSection(ProjectConfigurationPlatforms) = postSolution
		{EE17A5F6-7390-490E-8D58-F69FDF65C217}.Debug|Any CPU.ActiveCfg = Debug|Any CPU
		{EE17A5F6-7390-490E-8D58-F69FDF65C217}.Debug|Any CPU.Build.0 = Debug|Any CPU
		{EE17A5F6-7390-490E-8D58-F69FDF65C217}.Release|Any CPU.ActiveCfg = Release|Any CPU
		{EE17A5F6-7390-490E-8D58-F69FDF65C217}.Release|Any CPU.Build.0 = Release|Any CPU
	EndGlobalSection
	GlobalSection(SolutionProperties) = preSolution
		HideSolutionNode = FALSE
	EndGlobalSection
	GlobalSection(ExtensibilityGlobals) = postSolution
		SolutionGuid = {1C51E77E-B5EC-45CD-A399-A68A306B26E5}
	EndGlobalSection
EndGlobal
